
Microsoft Visual Studio Solution File, Format Version 12.00
# Visual Studio Version 16
VisualStudioVersion = 16.0.28315.86
MinimumVisualStudioVersion = 10.0.40219.1
Project("{FAE04EC0-301F-11D3-BF4B-00C04F79EFBC}") = "AlgNum-Projekt4", "AlgNum-Projekt3\AlgNum-Projekt4.csproj", "{72D6C58B-A0F3-412B-9CD4-30D6EFC0B83A}"
EndProject
Project("{FAE04EC0-301F-11D3-BF4B-00C04F79EFBC}") = "AlgNum-Projekt4_Tests", "AlgNum-Projekt4_Tests\AlgNum-Projekt4_Tests.csproj", "{8686F0DB-F59A-49B9-9EA7-EF16C22A8FDB}"
EndProject
Global
	GlobalSection(SolutionConfigurationPlatforms) = preSolution
		Debug|Any CPU = Debug|Any CPU
		Release|Any CPU = Release|Any CPU
	EndGlobalSection
	GlobalSection(ProjectConfigurationPlatforms) = postSolution
		{72D6C58B-A0F3-412B-9CD4-30D6EFC0B83A}.Debug|Any CPU.ActiveCfg = Debug|Any CPU
		{72D6C58B-A0F3-412B-9CD4-30D6EFC0B83A}.Debug|Any CPU.Build.0 = Debug|Any CPU
		{72D6C58B-A0F3-412B-9CD4-30D6EFC0B83A}.Release|Any CPU.ActiveCfg = Release|Any CPU
		{72D6C58B-A0F3-412B-9CD4-30D6EFC0B83A}.Release|Any CPU.Build.0 = Release|Any CPU
		{8686F0DB-F59A-49B9-9EA7-EF16C22A8FDB}.Debug|Any CPU.ActiveCfg = Debug|Any CPU
		{8686F0DB-F59A-49B9-9EA7-EF16C22A8FDB}.Debug|Any CPU.Build.0 = Debug|Any CPU
		{8686F0DB-F59A-49B9-9EA7-EF16C22A8FDB}.Release|Any CPU.ActiveCfg = Release|Any CPU
		{8686F0DB-F59A-49B9-9EA7-EF16C22A8FDB}.Release|Any CPU.Build.0 = Release|Any CPU
	EndGlobalSection
	GlobalSection(SolutionProperties) = preSolution
		HideSolutionNode = FALSE
	EndGlobalSection
	GlobalSection(ExtensibilityGlobals) = postSolution
		SolutionGuid = {2231A505-AB7A-4B55-A45A-E33421304F8D}
	EndGlobalSection
EndGlobal
